<?xml version="1.0" encoding="UTF-8"?>
<Project ToolsVersion="14.0" xmlns="http://schemas.microsoft.com/developer/msbuild/2003">
  <ItemGroup>
    <ClCompile Include="F:\wjcao\github\hducg\O-CNN\ocnn\caffe\cpp\src\lmdb_builder.cpp">
      <Filter>Source Files</Filter>
    </ClCompile>
  </ItemGroup>
  <ItemGroup>
    <CustomBuild Include="F:\wjcao\github\hducg\O-CNN\ocnn\caffe\cpp\CMakeLists.txt" />
  </ItemGroup>
  <ItemGroup>
    <Filter Include="Source Files">
      <UniqueIdentifier>{2AE735E0-FA63-3FC9-9F1C-A03D98D77891}</UniqueIdentifier>
    </Filter>
  </ItemGroup>
</Project>
