Microsoft Visual Studio Solution File, Format Version 12.00
# Visual Studio 14
Project("{2150E333-8FDC-42A3-9474-1A3956D46DE8}") = "CMakePredefinedTargets", "CMakePredefinedTargets", "{8D3C7FFC-D812-3DB9-939D-EFA2C6B4F1A6}"
EndProject
Project("{8BC9CEB8-8B4A-11D0-8D11-00A0C91BC942}") = "ALL_BUILD", "ALL_BUILD.vcxproj", "{243CD6B6-3CEF-395A-B8B3-BA2EA02E287B}"
	ProjectSection(ProjectDependencies) = postProject
		{43F3F5B5-C64D-30BD-B07F-4BE009261DBD} = {43F3F5B5-C64D-30BD-B07F-4BE009261DBD}
		{3A491370-88FA-343C-AC52-7E1124B1764B} = {3A491370-88FA-343C-AC52-7E1124B1764B}
		{D667A275-BEFB-3190-B927-5AAA65F263C6} = {D667A275-BEFB-3190-B927-5AAA65F263C6}
		{7DBF3597-0D0D-3CA0-80D4-269F9809F73E} = {7DBF3597-0D0D-3CA0-80D4-269F9809F73E}
		{AAB8737D-F018-366C-87BC-8534FE680956} = {AAB8737D-F018-366C-87BC-8534FE680956}
	EndProjectSection
EndProject
Project("{8BC9CEB8-8B4A-11D0-8D11-00A0C91BC942}") = "INSTALL", "INSTALL.vcxproj", "{4C680E8C-863A-3D40-8FFC-3E7C7AA6587B}"
	ProjectSection(ProjectDependencies) = postProject
		{243CD6B6-3CEF-395A-B8B3-BA2EA02E287B} = {243CD6B6-3CEF-395A-B8B3-BA2EA02E287B}
		{43F3F5B5-C64D-30BD-B07F-4BE009261DBD} = {43F3F5B5-C64D-30BD-B07F-4BE009261DBD}
	EndProjectSection
EndProject
Project("{8BC9CEB8-8B4A-11D0-8D11-00A0C91BC942}") = "ZERO_CHECK", "ZERO_CHECK.vcxproj", "{43F3F5B5-C64D-30BD-B07F-4BE009261DBD}"
	ProjectSection(ProjectDependencies) = postProject
	EndProjectSection
EndProject
Project("{8BC9CEB8-8B4A-11D0-8D11-00A0C91BC942}") = "_octree", "python\ocnn\octree\_octree.vcxproj", "{3A491370-88FA-343C-AC52-7E1124B1764B}"
	ProjectSection(ProjectDependencies) = postProject
		{43F3F5B5-C64D-30BD-B07F-4BE009261DBD} = {43F3F5B5-C64D-30BD-B07F-4BE009261DBD}
		{7DBF3597-0D0D-3CA0-80D4-269F9809F73E} = {7DBF3597-0D0D-3CA0-80D4-269F9809F73E}
	EndProjectSection
EndProject
Project("{8BC9CEB8-8B4A-11D0-8D11-00A0C91BC942}") = "_writable_data", "python\ocnn\dataset\_writable_data.vcxproj", "{D667A275-BEFB-3190-B927-5AAA65F263C6}"
	ProjectSection(ProjectDependencies) = postProject
		{43F3F5B5-C64D-30BD-B07F-4BE009261DBD} = {43F3F5B5-C64D-30BD-B07F-4BE009261DBD}
	EndProjectSection
EndProject
Project("{8BC9CEB8-8B4A-11D0-8D11-00A0C91BC942}") = "octree_lib", "octree_lib.vcxproj", "{7DBF3597-0D0D-3CA0-80D4-269F9809F73E}"
	ProjectSection(ProjectDependencies) = postProject
		{43F3F5B5-C64D-30BD-B07F-4BE009261DBD} = {43F3F5B5-C64D-30BD-B07F-4BE009261DBD}
	EndProjectSection
EndProject
Project("{8BC9CEB8-8B4A-11D0-8D11-00A0C91BC942}") = "rply", "rply.vcxproj", "{AAB8737D-F018-366C-87BC-8534FE680956}"
	ProjectSection(ProjectDependencies) = postProject
		{43F3F5B5-C64D-30BD-B07F-4BE009261DBD} = {43F3F5B5-C64D-30BD-B07F-4BE009261DBD}
	EndProjectSection
EndProject
Global
	GlobalSection(SolutionConfigurationPlatforms) = preSolution
		Debug|x64 = Debug|x64
		Release|x64 = Release|x64
		MinSizeRel|x64 = MinSizeRel|x64
		RelWithDebInfo|x64 = RelWithDebInfo|x64
	EndGlobalSection
	GlobalSection(ProjectConfigurationPlatforms) = postSolution
		{243CD6B6-3CEF-395A-B8B3-BA2EA02E287B}.Debug|x64.ActiveCfg = Debug|x64
		{243CD6B6-3CEF-395A-B8B3-BA2EA02E287B}.Debug|x64.Build.0 = Debug|x64
		{243CD6B6-3CEF-395A-B8B3-BA2EA02E287B}.Release|x64.ActiveCfg = Release|x64
		{243CD6B6-3CEF-395A-B8B3-BA2EA02E287B}.Release|x64.Build.0 = Release|x64
		{243CD6B6-3CEF-395A-B8B3-BA2EA02E287B}.MinSizeRel|x64.ActiveCfg = MinSizeRel|x64
		{243CD6B6-3CEF-395A-B8B3-BA2EA02E287B}.MinSizeRel|x64.Build.0 = MinSizeRel|x64
		{243CD6B6-3CEF-395A-B8B3-BA2EA02E287B}.RelWithDebInfo|x64.ActiveCfg = RelWithDebInfo|x64
		{243CD6B6-3CEF-395A-B8B3-BA2EA02E287B}.RelWithDebInfo|x64.Build.0 = RelWithDebInfo|x64
		{4C680E8C-863A-3D40-8FFC-3E7C7AA6587B}.Debug|x64.ActiveCfg = Debug|x64
		{4C680E8C-863A-3D40-8FFC-3E7C7AA6587B}.Release|x64.ActiveCfg = Release|x64
		{4C680E8C-863A-3D40-8FFC-3E7C7AA6587B}.MinSizeRel|x64.ActiveCfg = MinSizeRel|x64
		{4C680E8C-863A-3D40-8FFC-3E7C7AA6587B}.RelWithDebInfo|x64.ActiveCfg = RelWithDebInfo|x64
		{43F3F5B5-C64D-30BD-B07F-4BE009261DBD}.Debug|x64.ActiveCfg = Debug|x64
		{43F3F5B5-C64D-30BD-B07F-4BE009261DBD}.Debug|x64.Build.0 = Debug|x64
		{43F3F5B5-C64D-30BD-B07F-4BE009261DBD}.Release|x64.ActiveCfg = Release|x64
		{43F3F5B5-C64D-30BD-B07F-4BE009261DBD}.Release|x64.Build.0 = Release|x64
		{43F3F5B5-C64D-30BD-B07F-4BE009261DBD}.MinSizeRel|x64.ActiveCfg = MinSizeRel|x64
		{43F3F5B5-C64D-30BD-B07F-4BE009261DBD}.MinSizeRel|x64.Build.0 = MinSizeRel|x64
		{43F3F5B5-C64D-30BD-B07F-4BE009261DBD}.RelWithDebInfo|x64.ActiveCfg = RelWithDebInfo|x64
		{43F3F5B5-C64D-30BD-B07F-4BE009261DBD}.RelWithDebInfo|x64.Build.0 = RelWithDebInfo|x64
		{3A491370-88FA-343C-AC52-7E1124B1764B}.Debug|x64.ActiveCfg = Debug|x64
		{3A491370-88FA-343C-AC52-7E1124B1764B}.Debug|x64.Build.0 = Debug|x64
		{3A491370-88FA-343C-AC52-7E1124B1764B}.Release|x64.ActiveCfg = Release|x64
		{3A491370-88FA-343C-AC52-7E1124B1764B}.Release|x64.Build.0 = Release|x64
		{3A491370-88FA-343C-AC52-7E1124B1764B}.MinSizeRel|x64.ActiveCfg = MinSizeRel|x64
		{3A491370-88FA-343C-AC52-7E1124B1764B}.MinSizeRel|x64.Build.0 = MinSizeRel|x64
		{3A491370-88FA-343C-AC52-7E1124B1764B}.RelWithDebInfo|x64.ActiveCfg = RelWithDebInfo|x64
		{3A491370-88FA-343C-AC52-7E1124B1764B}.RelWithDebInfo|x64.Build.0 = RelWithDebInfo|x64
		{D667A275-BEFB-3190-B927-5AAA65F263C6}.Debug|x64.ActiveCfg = Debug|x64
		{D667A275-BEFB-3190-B927-5AAA65F263C6}.Debug|x64.Build.0 = Debug|x64
		{D667A275-BEFB-3190-B927-5AAA65F263C6}.Release|x64.ActiveCfg = Release|x64
		{D667A275-BEFB-3190-B927-5AAA65F263C6}.Release|x64.Build.0 = Release|x64
		{D667A275-BEFB-3190-B927-5AAA65F263C6}.MinSizeRel|x64.ActiveCfg = MinSizeRel|x64
		{D667A275-BEFB-3190-B927-5AAA65F263C6}.MinSizeRel|x64.Build.0 = MinSizeRel|x64
		{D667A275-BEFB-3190-B927-5AAA65F263C6}.RelWithDebInfo|x64.ActiveCfg = RelWithDebInfo|x64
		{D667A275-BEFB-3190-B927-5AAA65F263C6}.RelWithDebInfo|x64.Build.0 = RelWithDebInfo|x64
		{7DBF3597-0D0D-3CA0-80D4-269F9809F73E}.Debug|x64.ActiveCfg = Debug|x64
		{7DBF3597-0D0D-3CA0-80D4-269F9809F73E}.Debug|x64.Build.0 = Debug|x64
		{7DBF3597-0D0D-3CA0-80D4-269F9809F73E}.Release|x64.ActiveCfg = Release|x64
		{7DBF3597-0D0D-3CA0-80D4-269F9809F73E}.Release|x64.Build.0 = Release|x64
		{7DBF3597-0D0D-3CA0-80D4-269F9809F73E}.MinSizeRel|x64.ActiveCfg = MinSizeRel|x64
		{7DBF3597-0D0D-3CA0-80D4-269F9809F73E}.MinSizeRel|x64.Build.0 = MinSizeRel|x64
		{7DBF3597-0D0D-3CA0-80D4-269F9809F73E}.RelWithDebInfo|x64.ActiveCfg = RelWithDebInfo|x64
		{7DBF3597-0D0D-3CA0-80D4-269F9809F73E}.RelWithDebInfo|x64.Build.0 = RelWithDebInfo|x64
		{AAB8737D-F018-366C-87BC-8534FE680956}.Debug|x64.ActiveCfg = Debug|x64
		{AAB8737D-F018-366C-87BC-8534FE680956}.Debug|x64.Build.0 = Debug|x64
		{AAB8737D-F018-366C-87BC-8534FE680956}.Release|x64.ActiveCfg = Release|x64
		{AAB8737D-F018-366C-87BC-8534FE680956}.Release|x64.Build.0 = Release|x64
		{AAB8737D-F018-366C-87BC-8534FE680956}.MinSizeRel|x64.ActiveCfg = MinSizeRel|x64
		{AAB8737D-F018-366C-87BC-8534FE680956}.MinSizeRel|x64.Build.0 = MinSizeRel|x64
		{AAB8737D-F018-366C-87BC-8534FE680956}.RelWithDebInfo|x64.ActiveCfg = RelWithDebInfo|x64
		{AAB8737D-F018-366C-87BC-8534FE680956}.RelWithDebInfo|x64.Build.0 = RelWithDebInfo|x64
	EndGlobalSection
	GlobalSection(NestedProjects) = preSolution
		{243CD6B6-3CEF-395A-B8B3-BA2EA02E287B} = {8D3C7FFC-D812-3DB9-939D-EFA2C6B4F1A6}
		{4C680E8C-863A-3D40-8FFC-3E7C7AA6587B} = {8D3C7FFC-D812-3DB9-939D-EFA2C6B4F1A6}
		{43F3F5B5-C64D-30BD-B07F-4BE009261DBD} = {8D3C7FFC-D812-3DB9-939D-EFA2C6B4F1A6}
	EndGlobalSection
	GlobalSection(ExtensibilityGlobals) = postSolution
		SolutionGuid = {E3CE6187-91DC-3BEE-8511-E2F1E78BC9B8}
	EndGlobalSection
	GlobalSection(ExtensibilityAddIns) = postSolution
	EndGlobalSection
EndGlobal
